
Microsoft Visual Studio Solution File, Format Version 10.00
# Visual Studio 2008
Project("{FAE04EC0-301F-11D3-BF4B-00C04F79EFBC}") = "MCLaborClient", "MCLaborClient\MCLaborClient.csproj", "{58D67141-548E-444B-8E9A-5BE212E41B19}"
EndProject
Global
	GlobalSection(SolutionConfigurationPlatforms) = preSolution
		Debug|Any CPU = Debug|Any CPU
		Release|Any CPU = Release|Any CPU
	EndGlobalSection
	GlobalSection(ProjectConfigurationPlatforms) = postSolution
		{58D67141-548E-444B-8E9A-5BE212E41B19}.Debug|Any CPU.ActiveCfg = Debug|Any CPU
		{58D67141-548E-444B-8E9A-5BE212E41B19}.Debug|Any CPU.Build.0 = Debug|Any CPU
		{58D67141-548E-444B-8E9A-5BE212E41B19}.Release|Any CPU.ActiveCfg = Release|Any CPU
		{58D67141-548E-444B-8E9A-5BE212E41B19}.Release|Any CPU.Build.0 = Release|Any CPU
	EndGlobalSection
	GlobalSection(SolutionProperties) = preSolution
		HideSolutionNode = FALSE
	EndGlobalSection
EndGlobal
